
Microsoft Visual Studio Solution File, Format Version 12.00
# Visual Studio Version 16
VisualStudioVersion = 16.0.30611.23
MinimumVisualStudioVersion = 10.0.40219.1
Project("{FAE04EC0-301F-11D3-BF4B-00C04F79EFBC}") = "DSSD-TP3", "DSSD-TP3.csproj", "{8EE36E76-136E-42AC-B14E-B984542A881E}"
EndProject
Global
	GlobalSection(SolutionConfigurationPlatforms) = preSolution
		Debug|Any CPU = Debug|Any CPU
		Release|Any CPU = Release|Any CPU
	EndGlobalSection
	GlobalSection(ProjectConfigurationPlatforms) = postSolution
		{8EE36E76-136E-42AC-B14E-B984542A881E}.Debug|Any CPU.ActiveCfg = Debug|Any CPU
		{8EE36E76-136E-42AC-B14E-B984542A881E}.Debug|Any CPU.Build.0 = Debug|Any CPU
		{8EE36E76-136E-42AC-B14E-B984542A881E}.Release|Any CPU.ActiveCfg = Release|Any CPU
		{8EE36E76-136E-42AC-B14E-B984542A881E}.Release|Any CPU.Build.0 = Release|Any CPU
	EndGlobalSection
	GlobalSection(SolutionProperties) = preSolution
		HideSolutionNode = FALSE
	EndGlobalSection
	GlobalSection(ExtensibilityGlobals) = postSolution
		SolutionGuid = {BE93B986-CB74-4EBF-829E-D215D927FF91}
	EndGlobalSection
EndGlobal
